<Solution>
  <Folder Name="/Solution Items/" Id="8ec462fd-d22e-90a8-e5ce-7e832ba40c5d">
    <File Path=".gitignore" />
  </Folder>
  <Folder Name="/src/" Id="02ea681e-c7d8-13c7-8484-4ac65e1b71e8">
    <Project Path="Teulog.Core/Teulog.Core.fsproj" Id="fbcd07fc-8fec-42ac-824f-ae57ce07338f" />
  </Folder>
  <Project Path="Teulog.Infrastructure/Teulog.Infrastructure.fsproj" Id="82562fec-5408-409a-aa92-9e7e36e3b140" />
</Solution>
